
Microsoft Visual Studio Solution File, Format Version 12.00
# Visual Studio Version 17
VisualStudioVersion = 17.3.32922.545
MinimumVisualStudioVersion = 10.0.40219.1
Project("{9A19103F-16F7-4668-BE54-9A1E7A4F7556}") = "Mathematics", "Mathematics\Mathematics.csproj", "{FFD2BD93-7859-48DC-BD68-904871792569}"
EndProject
Project("{9A19103F-16F7-4668-BE54-9A1E7A4F7556}") = "MathematicsTests", "MathematicsTests\MathematicsTests.csproj", "{67D33524-7DDE-4FB8-A9C7-EB27A884130D}"
EndProject
Project("{6EC3EE1D-3C4E-46DD-8F32-0CC8E7565705}") = "FSharpMathematics", "FSharpMathematics\FSharpMathematics.fsproj", "{9641649F-24FB-4EFE-809A-F3965910CF11}"
EndProject
Project("{F2A71F9B-5D33-465A-A702-920D77279786}") = "FSharpMathematicsTests", "FSharpMathematicsTests\FSharpMathematicsTests.fsproj", "{23752E7E-D90B-4065-9A30-78496AEBD144}"
EndProject
Global
	GlobalSection(SolutionConfigurationPlatforms) = preSolution
		Debug|Any CPU = Debug|Any CPU
		Release|Any CPU = Release|Any CPU
	EndGlobalSection
	GlobalSection(ProjectConfigurationPlatforms) = postSolution
		{FFD2BD93-7859-48DC-BD68-904871792569}.Debug|Any CPU.ActiveCfg = Debug|Any CPU
		{FFD2BD93-7859-48DC-BD68-904871792569}.Debug|Any CPU.Build.0 = Debug|Any CPU
		{FFD2BD93-7859-48DC-BD68-904871792569}.Release|Any CPU.ActiveCfg = Release|Any CPU
		{FFD2BD93-7859-48DC-BD68-904871792569}.Release|Any CPU.Build.0 = Release|Any CPU
		{67D33524-7DDE-4FB8-A9C7-EB27A884130D}.Debug|Any CPU.ActiveCfg = Debug|Any CPU
		{67D33524-7DDE-4FB8-A9C7-EB27A884130D}.Debug|Any CPU.Build.0 = Debug|Any CPU
		{67D33524-7DDE-4FB8-A9C7-EB27A884130D}.Release|Any CPU.ActiveCfg = Release|Any CPU
		{67D33524-7DDE-4FB8-A9C7-EB27A884130D}.Release|Any CPU.Build.0 = Release|Any CPU
		{9641649F-24FB-4EFE-809A-F3965910CF11}.Debug|Any CPU.ActiveCfg = Debug|Any CPU
		{9641649F-24FB-4EFE-809A-F3965910CF11}.Debug|Any CPU.Build.0 = Debug|Any CPU
		{9641649F-24FB-4EFE-809A-F3965910CF11}.Release|Any CPU.ActiveCfg = Release|Any CPU
		{9641649F-24FB-4EFE-809A-F3965910CF11}.Release|Any CPU.Build.0 = Release|Any CPU
		{23752E7E-D90B-4065-9A30-78496AEBD144}.Debug|Any CPU.ActiveCfg = Debug|Any CPU
		{23752E7E-D90B-4065-9A30-78496AEBD144}.Debug|Any CPU.Build.0 = Debug|Any CPU
		{23752E7E-D90B-4065-9A30-78496AEBD144}.Release|Any CPU.ActiveCfg = Release|Any CPU
		{23752E7E-D90B-4065-9A30-78496AEBD144}.Release|Any CPU.Build.0 = Release|Any CPU
	EndGlobalSection
	GlobalSection(SolutionProperties) = preSolution
		HideSolutionNode = FALSE
	EndGlobalSection
	GlobalSection(ExtensibilityGlobals) = postSolution
		SolutionGuid = {6EB386A7-74EA-4E4A-9224-FC501A57D14A}
	EndGlobalSection
EndGlobal
